
Microsoft Visual Studio Solution File, Format Version 12.00
# Visual Studio Version 17
VisualStudioVersion = 17.8.34511.84
MinimumVisualStudioVersion = 10.0.40219.1
Project("{FAE04EC0-301F-11D3-BF4B-00C04F79EFBC}") = "OOD_Movie_Project", "OOD_Movie_Project\OOD_Movie_Project.csproj", "{F8A772B9-6937-4267-8849-2F416D84A778}"
EndProject
Global
	GlobalSection(SolutionConfigurationPlatforms) = preSolution
		Debug|Any CPU = Debug|Any CPU
		Release|Any CPU = Release|Any CPU
	EndGlobalSection
	GlobalSection(ProjectConfigurationPlatforms) = postSolution
		{F8A772B9-6937-4267-8849-2F416D84A778}.Debug|Any CPU.ActiveCfg = Debug|Any CPU
		{F8A772B9-6937-4267-8849-2F416D84A778}.Debug|Any CPU.Build.0 = Debug|Any CPU
		{F8A772B9-6937-4267-8849-2F416D84A778}.Release|Any CPU.ActiveCfg = Release|Any CPU
		{F8A772B9-6937-4267-8849-2F416D84A778}.Release|Any CPU.Build.0 = Release|Any CPU
	EndGlobalSection
	GlobalSection(SolutionProperties) = preSolution
		HideSolutionNode = FALSE
	EndGlobalSection
	GlobalSection(ExtensibilityGlobals) = postSolution
		SolutionGuid = {496AF127-2E3A-453A-883B-786994634570}
	EndGlobalSection
EndGlobal
